// !$*UTF8*$!
{
	archiveVersion = 1;
	classes = {
	};
	objectVersion = 50;
	objects = {

/* Begin PBXBuildFile section */
		84B2AAAD241BC2D700C62040 /* AppDelegate.swift in Sources */ = {isa = PBXBuildFile; fileRef = 84B2AAAC241BC2D700C62040 /* AppDelegate.swift */; };
		84B2AAAF241BC2D700C62040 /* SceneDelegate.swift in Sources */ = {isa = PBXBuildFile; fileRef = 84B2AAAE241BC2D700C62040 /* SceneDelegate.swift */; };
		84B2AAB1241BC2D700C62040 /* ViewController.swift in Sources */ = {isa = PBXBuildFile; fileRef = 84B2AAB0241BC2D700C62040 /* ViewController.swift */; };
		84B2AAB4241BC2D700C62040 /* Main.storyboard in Resources */ = {isa = PBXBuildFile; fileRef = 84B2AAB2241BC2D700C62040 /* Main.storyboard */; };
		84B2AAB6241BC2DA00C62040 /* Assets.xcassets in Resources */ = {isa = PBXBuildFile; fileRef = 84B2AAB5241BC2DA00C62040 /* Assets.xcassets */; };
		84B2AAB9241BC2DA00C62040 /* LaunchScreen.storyboard in Resources */ = {isa = PBXBuildFile; fileRef = 84B2AAB7241BC2DA00C62040 /* LaunchScreen.storyboard */; };
/* End PBXBuildFile section */

/* Begin PBXFileReference section */
		84B2AAA9241BC2D700C62040 /* UIKitApp.v.2.app */ = {isa = PBXFileReference; explicitFileType = wrapper.application; includeInIndex = 0; path = UIKitApp.v.2.app; sourceTree = BUILT_PRODUCTS_DIR; };
		84B2AAAC241BC2D700C62040 /* AppDelegate.swift */ = {isa = PBXFileReference; lastKnownFileType = sourcecode.swift; path = AppDelegate.swift; sourceTree = "<group>"; };
		84B2AAAE241BC2D700C62040 /* SceneDelegate.swift */ = {isa = PBXFileReference; lastKnownFileType = sourcecode.swift; path = SceneDelegate.swift; sourceTree = "<group>"; };
		84B2AAB0241BC2D700C62040 /* ViewController.swift */ = {isa = PBXFileReference; lastKnownFileType = sourcecode.swift; path = ViewController.swift; sourceTree = "<group>"; };
		84B2AAB3241BC2D700C62040 /* Base */ = {isa = PBXFileReference; lastKnownFileType = file.storyboard; name = Base; path = Base.lproj/Main.storyboard; sourceTree = "<group>"; };
		84B2AAB5241BC2DA00C62040 /* Assets.xcassets */ = {isa = PBXFileReference; lastKnownFileType = folder.assetcatalog; path = Assets.xcassets; sourceTree = "<group>"; };
		84B2AAB8241BC2DA00C62040 /* Base */ = {isa = PBXFileReference; lastKnownFileType = file.storyboard; name = Base; path = Base.lproj/LaunchScreen.storyboard; sourceTree = "<group>"; };
		84B2AABA241BC2DA00C62040 /* Info.plist */ = {isa = PBXFileReference; lastKnownFileType = text.plist.xml; path = Info.plist; sourceTree = "<group>"; };
/* End PBXFileReference section */

/* Begin PBXFrameworksBuildPhase section */
		84B2AAA6241BC2D700C62040 /* Frameworks */ = {
			isa = PBXFrameworksBuildPhase;
			buildActionMask = 2147483647;
			files = (
			);
			runOnlyForDeploymentPostprocessing = 0;
		};
/* End PBXFrameworksBuildPhase section */

/* Begin PBXGroup section */
		84B2AAA0241BC2D700C62040 = {
			isa = PBXGroup;
			children = (
				84B2AAAB241BC2D700C62040 /* UIKitApp.v.2 */,
				84B2AAAA241BC2D700C62040 /* Products */,
			);
			sourceTree = "<group>";
		};
		84B2AAAA241BC2D700C62040 /* Products */ = {
			isa = PBXGroup;
			children = (
				84B2AAA9241BC2D700C62040 /* UIKitApp.v.2.app */,
			);
			name = Products;
			sourceTree = "<group>";
		};
		84B2AAAB241BC2D700C62040 /* UIKitApp.v.2 */ = {
			isa = PBXGroup;
			children = (
				84B2AAAC241BC2D700C62040 /* AppDelegate.swift */,
				84B2AAAE241BC2D700C62040 /* SceneDelegate.swift */,
				84B2AAB0241BC2D700C62040 /* ViewController.swift */,
				84B2AAB2241BC2D700C62040 /* Main.storyboard */,
				84B2AAB5241BC2DA00C62040 /* Assets.xcassets */,
				84B2AAB7241BC2DA00C62040 /* LaunchScreen.storyboard */,
				84B2AABA241BC2DA00C62040 /* Info.plist */,
			);
			path = UIKitApp.v.2;
			sourceTree = "<group>";
		};
/* End PBXGroup section */

/* Begin PBXNativeTarget section */
		84B2AAA8241BC2D700C62040 /* UIKitApp.v.2 */ = {
			isa = PBXNativeTarget;
			buildConfigurationList = 84B2AABD241BC2DA00C62040 /* Build configuration list for PBXNativeTarget "UIKitApp.v.2" */;
			buildPhases = (
				84B2AAA5241BC2D700C62040 /* Sources */,
				84B2AAA6241BC2D700C62040 /* Frameworks */,
				84B2AAA7241BC2D700C62040 /* Resources */,
			);
			buildRules = (
			);
			dependencies = (
			);
			name = UIKitApp.v.2;
			productName = UIKitApp.v.2;
			productReference = 84B2AAA9241BC2D700C62040 /* UIKitApp.v.2.app */;
			productType = "com.apple.product-type.application";
		};
/* End PBXNativeTarget section */

/* Begin PBXProject section */
		84B2AAA1241BC2D700C62040 /* Project object */ = {
			isa = PBXProject;
			attributes = {
				LastSwiftUpdateCheck = 1130;
				LastUpgradeCheck = 1130;
				ORGANIZATIONNAME = "Igor Ilyin";
				TargetAttributes = {
					84B2AAA8241BC2D700C62040 = {
						CreatedOnToolsVersion = 11.3.1;
					};
				};
			};
			buildConfigurationList = 84B2AAA4241BC2D700C62040 /* Build configuration list for PBXProject "UIKitApp.v.2" */;
			compatibilityVersion = "Xcode 9.3";
			developmentRegion = en;
			hasScannedForEncodings = 0;
			knownRegions = (
				en,
				Base,
			);
			mainGroup = 84B2AAA0241BC2D700C62040;
			productRefGroup = 84B2AAAA241BC2D700C62040 /* Products */;
			projectDirPath = "";
			projectRoot = "";
			targets = (
				84B2AAA8241BC2D700C62040 /* UIKitApp.v.2 */,
			);
		};
/* End PBXProject section */

/* Begin PBXResourcesBuildPhase section */
		84B2AAA7241BC2D700C62040 /* Resources */ = {
			isa = PBXResourcesBuildPhase;
			buildActionMask = 2147483647;
			files = (
				84B2AAB9241BC2DA00C62040 /* LaunchScreen.storyboard in Resources */,
				84B2AAB6241BC2DA00C62040 /* Assets.xcassets in Resources */,
				84B2AAB4241BC2D700C62040 /* Main.storyboard in Resources */,
			);
			runOnlyForDeploymentPostprocessing = 0;
		};
/* End PBXResourcesBuildPhase section */

/* Begin PBXSourcesBuildPhase section */
		84B2AAA5241BC2D700C62040 /* Sources */ = {
			isa = PBXSourcesBuildPhase;
			buildActionMask = 2147483647;
			files = (
				84B2AAB1241BC2D700C62040 /* ViewController.swift in Sources */,
				84B2AAAD241BC2D700C62040 /* AppDelegate.swift in Sources */,
				84B2AAAF241BC2D700C62040 /* SceneDelegate.swift in Sources */,
			);
			runOnlyForDeploymentPostprocessing = 0;
		};
/* End PBXSourcesBuildPhase section */

/* Begin PBXVariantGroup section */
		84B2AAB2241BC2D700C62040 /* Main.storyboard */ = {
			isa = PBXVariantGroup;
			children = (
				84B2AAB3241BC2D700C62040 /* Base */,
			);
			name = Main.storyboard;
			sourceTree = "<group>";
		};
		84B2AAB7241BC2DA00C62040 /* LaunchScreen.storyboard */ = {
			isa = PBXVariantGroup;
			children = (
				84B2AAB8241BC2DA00C62040 /* Base */,
			);
			name = LaunchScreen.storyboard;
			sourceTree = "<group>";
		};
/* End PBXVariantGroup section */

/* Begin XCBuildConfiguration section */
		84B2AABB241BC2DA00C62040 /* Debug */ = {
			isa = XCBuildConfiguration;
			buildSettings = {
				ALWAYS_SEARCH_USER_PATHS = NO;
				CLANG_ANALYZER_NONNULL = YES;
				CLANG_ANALYZER_NUMBER_OBJECT_CONVERSION = YES_AGGRESSIVE;
				CLANG_CXX_LANGUAGE_STANDARD = "gnu++14";
				CLANG_CXX_LIBRARY = "libc++";
				CLANG_ENABLE_MODULES = YES;
				CLANG_ENABLE_OBJC_ARC = YES;
				CLANG_ENABLE_OBJC_WEAK = YES;
				CLANG_WARN_BLOCK_CAPTURE_AUTORELEASING = YES;
				CLANG_WARN_BOOL_CONVERSION = YES;
				CLANG_WARN_COMMA = YES;
				CLANG_WARN_CONSTANT_CONVERSION = YES;
				CLANG_WARN_DEPRECATED_OBJC_IMPLEMENTATIONS = YES;
				CLANG_WARN_DIRECT_OBJC_ISA_USAGE = YES_ERROR;
				CLANG_WARN_DOCUMENTATION_COMMENTS = YES;
				CLANG_WARN_EMPTY_BODY = YES;
				CLANG_WARN_ENUM_CONVERSION = YES;
				CLANG_WARN_INFINITE_RECURSION = YES;
				CLANG_WARN_INT_CONVERSION = YES;
				CLANG_WARN_NON_LITERAL_NULL_CONVERSION = YES;
				CLANG_WARN_OBJC_IMPLICIT_RETAIN_SELF = YES;
				CLANG_WARN_OBJC_LITERAL_CONVERSION = YES;
				CLANG_WARN_OBJC_ROOT_CLASS = YES_ERROR;
				CLANG_WARN_RANGE_LOOP_ANALYSIS = YES;
				CLANG_WARN_STRICT_PROTOTYPES = YES;
				CLANG_WARN_SUSPICIOUS_MOVE = YES;
				CLANG_WARN_UNGUARDED_AVAILABILITY = YES_AGGRESSIVE;
				CLANG_WARN_UNREACHABLE_CODE = YES;
				CLANG_WARN__DUPLICATE_METHOD_MATCH = YES;
				COPY_PHASE_STRIP = NO;
				DEBUG_INFORMATION_FORMAT = dwarf;
				ENABLE_STRICT_OBJC_MSGSEND = YES;
				ENABLE_TESTABILITY = YES;
				GCC_C_LANGUAGE_STANDARD = gnu11;
				GCC_DYNAMIC_NO_PIC = NO;
				GCC_NO_COMMON_BLOCKS = YES;
				GCC_OPTIMIZATION_LEVEL = 0;
				GCC_PREPROCESSOR_DEFINITIONS = (
					"DEBUG=1",
					"$(inherited)",
				);
				GCC_WARN_64_TO_32_BIT_CONVERSION = YES;
				GCC_WARN_ABOUT_RETURN_TYPE = YES_ERROR;
				GCC_WARN_UNDECLARED_SELECTOR = YES;
				GCC_WARN_UNINITIALIZED_AUTOS = YES_AGGRESSIVE;
				GCC_WARN_UNUSED_FUNCTION = YES;
				GCC_WARN_UNUSED_VARIABLE = YES;
				IPHONEOS_DEPLOYMENT_TARGET = 13.2;
				MTL_ENABLE_DEBUG_INFO = INCLUDE_SOURCE;
				MTL_FAST_MATH = YES;
				ONLY_ACTIVE_ARCH = YES;
				SDKROOT = iphoneos;
				SWIFT_ACTIVE_COMPILATION_CONDITIONS = DEBUG;
				SWIFT_OPTIMIZATION_LEVEL = "-Onone";
			};
			name = Debug;
		};
		84B2AABC241BC2DA00C62040 /* Release */ = {
			isa = XCBuildConfiguration;
			buildSettings = {
				ALWAYS_SEARCH_USER_PATHS = NO;
				CLANG_ANALYZER_NONNULL = YES;
				CLANG_ANALYZER_NUMBER_OBJECT_CONVERSION = YES_AGGRESSIVE;
				CLANG_CXX_LANGUAGE_STANDARD = "gnu++14";
				CLANG_CXX_LIBRARY = "libc++";
				CLANG_ENABLE_MODULES = YES;
				CLANG_ENABLE_OBJC_ARC = YES;
				CLANG_ENABLE_OBJC_WEAK = YES;
				CLANG_WARN_BLOCK_CAPTURE_AUTORELEASING = YES;
				CLANG_WARN_BOOL_CONVERSION = YES;
				CLANG_WARN_COMMA = YES;
				CLANG_WARN_CONSTANT_CONVERSION = YES;
				CLANG_WARN_DEPRECATED_OBJC_IMPLEMENTATIONS = YES;
				CLANG_WARN_DIRECT_OBJC_ISA_USAGE = YES_ERROR;
				CLANG_WARN_DOCUMENTATION_COMMENTS = YES;
				CLANG_WARN_EMPTY_BODY = YES;
				CLANG_WARN_ENUM_CONVERSION = YES;
				CLANG_WARN_INFINITE_RECURSION = YES;
				CLANG_WARN_INT_CONVERSION = YES;
				CLANG_WARN_NON_LITERAL_NULL_CONVERSION = YES;
				CLANG_WARN_OBJC_IMPLICIT_RETAIN_SELF = YES;
				CLANG_WARN_OBJC_LITERAL_CONVERSION = YES;
				CLANG_WARN_OBJC_ROOT_CLASS = YES_ERROR;
				CLANG_WARN_RANGE_LOOP_ANALYSIS = YES;
				CLANG_WARN_STRICT_PROTOTYPES = YES;
				CLANG_WARN_SUSPICIOUS_MOVE = YES;
				CLANG_WARN_UNGUARDED_AVAILABILITY = YES_AGGRESSIVE;
				CLANG_WARN_UNREACHABLE_CODE = YES;
				CLANG_WARN__DUPLICATE_METHOD_MATCH = YES;
				COPY_PHASE_STRIP = NO;
				DEBUG_INFORMATION_FORMAT = "dwarf-with-dsym";
				ENABLE_NS_ASSERTIONS = NO;
				ENABLE_STRICT_OBJC_MSGSEND = YES;
				GCC_C_LANGUAGE_STANDARD = gnu11;
				GCC_NO_COMMON_BLOCKS = YES;
				GCC_WARN_64_TO_32_BIT_CONVERSION = YES;
				GCC_WARN_ABOUT_RETURN_TYPE = YES_ERROR;
				GCC_WARN_UNDECLARED_SELECTOR = YES;
				GCC_WARN_UNINITIALIZED_AUTOS = YES_AGGRESSIVE;
				GCC_WARN_UNUSED_FUNCTION = YES;
				GCC_WARN_UNUSED_VARIABLE = YES;
				IPHONEOS_DEPLOYMENT_TARGET = 13.2;
				MTL_ENABLE_DEBUG_INFO = NO;
				MTL_FAST_MATH = YES;
				SDKROOT = iphoneos;
				SWIFT_COMPILATION_MODE = wholemodule;
				SWIFT_OPTIMIZATION_LEVEL = "-O";
				VALIDATE_PRODUCT = YES;
			};
			name = Release;
		};
		84B2AABE241BC2DA00C62040 /* Debug */ = {
			isa = XCBuildConfiguration;
			buildSettings = {
				ASSETCATALOG_COMPILER_APPICON_NAME = AppIcon;
				CODE_SIGN_STYLE = Automatic;
				DEVELOPMENT_TEAM = R59H9KZBYK;
				INFOPLIST_FILE = UIKitApp.v.2/Info.plist;
				LD_RUNPATH_SEARCH_PATHS = (
					"$(inherited)",
					"@executable_path/Frameworks",
				);
				PRODUCT_BUNDLE_IDENTIFIER = "SwiftBookWebinar.UIKitApp-v-2";
				PRODUCT_NAME = "$(TARGET_NAME)";
				SWIFT_VERSION = 5.0;
				TARGETED_DEVICE_FAMILY = "1,2";
			};
			name = Debug;
		};
		84B2AABF241BC2DA00C62040 /* Release */ = {
			isa = XCBuildConfiguration;
			buildSettings = {
				ASSETCATALOG_COMPILER_APPICON_NAME = AppIcon;
				CODE_SIGN_STYLE = Automatic;
				DEVELOPMENT_TEAM = R59H9KZBYK;
				INFOPLIST_FILE = UIKitApp.v.2/Info.plist;
				LD_RUNPATH_SEARCH_PATHS = (
					"$(inherited)",
					"@executable_path/Frameworks",
				);
				PRODUCT_BUNDLE_IDENTIFIER = "SwiftBookWebinar.UIKitApp-v-2";
				PRODUCT_NAME = "$(TARGET_NAME)";
				SWIFT_VERSION = 5.0;
				TARGETED_DEVICE_FAMILY = "1,2";
			};
			name = Release;
		};
/* End XCBuildConfiguration section */

/* Begin XCConfigurationList section */
		84B2AAA4241BC2D700C62040 /* Build configuration list for PBXProject "UIKitApp.v.2" */ = {
			isa = XCConfigurationList;
			buildConfigurations = (
				84B2AABB241BC2DA00C62040 /* Debug */,
				84B2AABC241BC2DA00C62040 /* Release */,
			);
			defaultConfigurationIsVisible = 0;
			defaultConfigurationName = Release;
		};
		84B2AABD241BC2DA00C62040 /* Build configuration list for PBXNativeTarget "UIKitApp.v.2" */ = {
			isa = XCConfigurationList;
			buildConfigurations = (
				84B2AABE241BC2DA00C62040 /* Debug */,
				84B2AABF241BC2DA00C62040 /* Release */,
			);
			defaultConfigurationIsVisible = 0;
			defaultConfigurationName = Release;
		};
/* End XCConfigurationList section */
	};
	rootObject = 84B2AAA1241BC2D700C62040 /* Project object */;
}
